github.com/dgryski/go-metro v0.0.0-20200812162917-85c65e2d0165 h1:BS21ZUJ/B5X2UVUbczfmdWH7GapPWAhxcMsDnjJTU1E=
github.com/dgryski/go-metro v0.0.0-20200812162917-85c65e2d0165/go.mod h1:c9O8+fpSOX1DM8cPNSkX/qsBWdkD4yd2dpciOWQjpBw=
github.com/linvon/cuckoo-filter v0.4.0 h1:vNlwcnvLOgmVJrhfE7gE4RYsxhrdW3LzLV7t27YsOuU=
github.com/linvon/cuckoo-filter v0.4.0/go.mod h1:L3YZEEsEkbEEWCA2r4sVk1dkrqz+TZ+uxGihtb6BwwI=
golang.org/x/net v0.24.0 h1:1PcaxkF854Fu3+lvBIx5SYn9wRlBzzcnHZSiaFFAb0w=
golang.org/x/net v0.24.0/go.mod h1:2Q7sJY5mzlzWjKtYUEXSlBWCdyaioyXzRB2RtU8KVE8=
